// !$*UTF8*$!
{
	archiveVersion = 1;
	classes = {
	};
	objectVersion = 46;
	objects = {

/* Begin PBXBuildFile section */
		F761475F1510D9A300E492E4 /* UIKit.framework in Frameworks */ = {isa = PBXBuildFile; fileRef = F761475E1510D9A300E492E4 /* UIKit.framework */; };
		F76147611510D9A300E492E4 /* Foundation.framework in Frameworks */ = {isa = PBXBuildFile; fileRef = F76147601510D9A300E492E4 /* Foundation.framework */; };
		F76147631510D9A300E492E4 /* CoreGraphics.framework in Frameworks */ = {isa = PBXBuildFile; fileRef = F76147621510D9A300E492E4 /* CoreGraphics.framework */; };
		F76147691510D9A300E492E4 /* InfoPlist.strings in Resources */ = {isa = PBXBuildFile; fileRef = F76147671510D9A300E492E4 /* InfoPlist.strings */; };
		F761476B1510D9A300E492E4 /* main.m in Sources */ = {isa = PBXBuildFile; fileRef = F761476A1510D9A300E492E4 /* main.m */; };
		F761476F1510D9A300E492E4 /* AppDelegate.m in Sources */ = {isa = PBXBuildFile; fileRef = F761476E1510D9A300E492E4 /* AppDelegate.m */; };
		F76147721510D9A300E492E4 /* MainStoryboard.storyboard in Resources */ = {isa = PBXBuildFile; fileRef = F76147701510D9A300E492E4 /* MainStoryboard.storyboard */; };
		F76147751510D9A300E492E4 /* ViewController.m in Sources */ = {isa = PBXBuildFile; fileRef = F76147741510D9A300E492E4 /* ViewController.m */; };
/* End PBXBuildFile section */

/* Begin PBXFileReference section */
		F761475A1510D9A300E492E4 /* GalleryTest.app */ = {isa = PBXFileReference; explicitFileType = wrapper.application; includeInIndex = 0; path = GalleryTest.app; sourceTree = BUILT_PRODUCTS_DIR; };
		F761475E1510D9A300E492E4 /* UIKit.framework */ = {isa = PBXFileReference; lastKnownFileType = wrapper.framework; name = UIKit.framework; path = System/Library/Frameworks/UIKit.framework; sourceTree = SDKROOT; };
		F76147601510D9A300E492E4 /* Foundation.framework */ = {isa = PBXFileReference; lastKnownFileType = wrapper.framework; name = Foundation.framework; path = System/Library/Frameworks/Foundation.framework; sourceTree = SDKROOT; };
		F76147621510D9A300E492E4 /* CoreGraphics.framework */ = {isa = PBXFileReference; lastKnownFileType = wrapper.framework; name = CoreGraphics.framework; path = System/Library/Frameworks/CoreGraphics.framework; sourceTree = SDKROOT; };
		F76147661510D9A300E492E4 /* GalleryTest-Info.plist */ = {isa = PBXFileReference; path = "GalleryTest-Info.plist"; sourceTree = "<group>"; };
		F76147681510D9A300E492E4 /* en */ = {isa = PBXFileReference; lastKnownFileType = text.plist.strings; name = en; path = en.lproj/InfoPlist.strings; sourceTree = "<group>"; };
		F761476A1510D9A300E492E4 /* main.m */ = {isa = PBXFileReference; lastKnownFileType = sourcecode.c.objc; path = main.m; sourceTree = "<group>"; };
		F761476C1510D9A300E492E4 /* GalleryTest-Prefix.pch */ = {isa = PBXFileReference; path = "GalleryTest-Prefix.pch"; sourceTree = "<group>"; };
		F761476D1510D9A300E492E4 /* AppDelegate.h */ = {isa = PBXFileReference; path = AppDelegate.h; sourceTree = "<group>"; };
		F761476E1510D9A300E492E4 /* AppDelegate.m */ = {isa = PBXFileReference; lastKnownFileType = sourcecode.c.objc; path = AppDelegate.m; sourceTree = "<group>"; };
		F76147711510D9A300E492E4 /* en */ = {isa = PBXFileReference; lastKnownFileType = file.storyboard; name = en; path = en.lproj/MainStoryboard.storyboard; sourceTree = "<group>"; };
		F76147731510D9A300E492E4 /* ViewController.h */ = {isa = PBXFileReference; path = ViewController.h; sourceTree = "<group>"; };
		F76147741510D9A300E492E4 /* ViewController.m */ = {isa = PBXFileReference; lastKnownFileType = sourcecode.c.objc; path = ViewController.m; sourceTree = "<group>"; };
/* End PBXFileReference section */

/* Begin PBXFrameworksBuildPhase section */
		F76147571510D9A300E492E4 /* Frameworks */ = {
			isa = PBXFrameworksBuildPhase;
			buildActionMask = 2147483647;
			files = (
				F761475F1510D9A300E492E4 /* UIKit.framework in Frameworks */,
				F76147611510D9A300E492E4 /* Foundation.framework in Frameworks */,
				F76147631510D9A300E492E4 /* CoreGraphics.framework in Frameworks */,
			);
			runOnlyForDeploymentPostprocessing = 0;
		};
/* End PBXFrameworksBuildPhase section */

/* Begin PBXGroup section */
		F761474F1510D9A300E492E4 = {
			isa = PBXGroup;
			children = (
				F76147641510D9A300E492E4 /* GalleryTest */,
				F761475D1510D9A300E492E4 /* Frameworks */,
				F761475B1510D9A300E492E4 /* Products */,
			);
			sourceTree = "<group>";
		};
		F761475B1510D9A300E492E4 /* Products */ = {
			isa = PBXGroup;
			children = (
				F761475A1510D9A300E492E4 /* GalleryTest.app */,
			);
			name = Products;
			sourceTree = "<group>";
		};
		F761475D1510D9A300E492E4 /* Frameworks */ = {
			isa = PBXGroup;
			children = (
				F761475E1510D9A300E492E4 /* UIKit.framework */,
				F76147601510D9A300E492E4 /* Foundation.framework */,
				F76147621510D9A300E492E4 /* CoreGraphics.framework */,
			);
			name = Frameworks;
			sourceTree = "<group>";
		};
		F76147641510D9A300E492E4 /* GalleryTest */ = {
			isa = PBXGroup;
			children = (
				F761476D1510D9A300E492E4 /* AppDelegate.h */,
				F761476E1510D9A300E492E4 /* AppDelegate.m */,
				F76147701510D9A300E492E4 /* MainStoryboard.storyboard */,
				F76147731510D9A300E492E4 /* ViewController.h */,
				F76147741510D9A300E492E4 /* ViewController.m */,
				F76147651510D9A300E492E4 /* Supporting Files */,
			);
			path = GalleryTest;
			sourceTree = "<group>";
		};
		F76147651510D9A300E492E4 /* Supporting Files */ = {
			isa = PBXGroup;
			children = (
				F76147661510D9A300E492E4 /* GalleryTest-Info.plist */,
				F76147671510D9A300E492E4 /* InfoPlist.strings */,
				F761476A1510D9A300E492E4 /* main.m */,
				F761476C1510D9A300E492E4 /* GalleryTest-Prefix.pch */,
			);
			name = "Supporting Files";
			sourceTree = "<group>";
		};
/* End PBXGroup section */

/* Begin PBXNativeTarget section */
		F76147591510D9A300E492E4 /* GalleryTest */ = {
			isa = PBXNativeTarget;
			buildConfigurationList = F76147781510D9A300E492E4 /* Build configuration list for PBXNativeTarget "GalleryTest" */;
			buildPhases = (
				F76147561510D9A300E492E4 /* Sources */,
				F76147571510D9A300E492E4 /* Frameworks */,
				F76147581510D9A300E492E4 /* Resources */,
			);
			buildRules = (
			);
			dependencies = (
			);
			name = GalleryTest;
			productName = GalleryTest;
			productReference = F761475A1510D9A300E492E4 /* GalleryTest.app */;
			productType = "com.apple.product-type.application";
		};
/* End PBXNativeTarget section */

/* Begin PBXProject section */
		F76147511510D9A300E492E4 /* Project object */ = {
			isa = PBXProject;
			attributes = {
				LastUpgradeCheck = 0420;
				ORGANIZATIONNAME = Vertic;
			};
			buildConfigurationList = F76147541510D9A300E492E4 /* Build configuration list for PBXProject "GalleryTest" */;
			compatibilityVersion = "Xcode 3.2";
			developmentRegion = English;
			hasScannedForEncodings = 0;
			knownRegions = (
				en,
			);
			mainGroup = F761474F1510D9A300E492E4;
			productRefGroup = F761475B1510D9A300E492E4 /* Products */;
			projectDirPath = "";
			projectRoot = "";
			targets = (
				F76147591510D9A300E492E4 /* GalleryTest */,
			);
		};
/* End PBXProject section */

/* Begin PBXResourcesBuildPhase section */
		F76147581510D9A300E492E4 /* Resources */ = {
			isa = PBXResourcesBuildPhase;
			buildActionMask = 2147483647;
			files = (
				F76147691510D9A300E492E4 /* InfoPlist.strings in Resources */,
				F76147721510D9A300E492E4 /* MainStoryboard.storyboard in Resources */,
			);
			runOnlyForDeploymentPostprocessing = 0;
		};
/* End PBXResourcesBuildPhase section */

/* Begin PBXSourcesBuildPhase section */
		F76147561510D9A300E492E4 /* Sources */ = {
			isa = PBXSourcesBuildPhase;
			buildActionMask = 2147483647;
			files = (
				F761476B1510D9A300E492E4 /* main.m in Sources */,
				F761476F1510D9A300E492E4 /* AppDelegate.m in Sources */,
				F76147751510D9A300E492E4 /* ViewController.m in Sources */,
			);
			runOnlyForDeploymentPostprocessing = 0;
		};
/* End PBXSourcesBuildPhase section */

/* Begin PBXVariantGroup section */
		F76147671510D9A300E492E4 /* InfoPlist.strings */ = {
			isa = PBXVariantGroup;
			children = (
				F76147681510D9A300E492E4 /* en */,
			);
			name = InfoPlist.strings;
			sourceTree = "<group>";
		};
		F76147701510D9A300E492E4 /* MainStoryboard.storyboard */ = {
			isa = PBXVariantGroup;
			children = (
				F76147711510D9A300E492E4 /* en */,
			);
			name = MainStoryboard.storyboard;
			sourceTree = "<group>";
		};
/* End PBXVariantGroup section */

/* Begin XCBuildConfiguration section */
		F76147761510D9A300E492E4 /* Debug */ = {
			isa = XCBuildConfiguration;
			buildSettings = {
				ALWAYS_SEARCH_USER_PATHS = NO;
				ARCHS = "$(ARCHS_STANDARD_32_BIT)";
				CLANG_ENABLE_OBJC_ARC = YES;
				"CODE_SIGN_IDENTITY[sdk=iphoneos*]" = "iPhone Developer";
				COPY_PHASE_STRIP = NO;
				GCC_C_LANGUAGE_STANDARD = gnu99;
				GCC_DYNAMIC_NO_PIC = NO;
				GCC_OPTIMIZATION_LEVEL = 0;
				GCC_PREPROCESSOR_DEFINITIONS = (
					"DEBUG=1",
					"$(inherited)",
				);
				GCC_SYMBOLS_PRIVATE_EXTERN = NO;
				GCC_VERSION = com.apple.compilers.llvm.clang.1_0;
				GCC_WARN_ABOUT_MISSING_PROTOTYPES = YES;
				GCC_WARN_ABOUT_RETURN_TYPE = YES;
				GCC_WARN_UNUSED_VARIABLE = YES;
				IPHONEOS_DEPLOYMENT_TARGET = 5.0;
				SDKROOT = iphoneos;
				TARGETED_DEVICE_FAMILY = 2;
			};
			name = Debug;
		};
		F76147771510D9A300E492E4 /* Release */ = {
			isa = XCBuildConfiguration;
			buildSettings = {
				ALWAYS_SEARCH_USER_PATHS = NO;
				ARCHS = "$(ARCHS_STANDARD_32_BIT)";
				CLANG_ENABLE_OBJC_ARC = YES;
				"CODE_SIGN_IDENTITY[sdk=iphoneos*]" = "iPhone Developer";
				COPY_PHASE_STRIP = YES;
				GCC_C_LANGUAGE_STANDARD = gnu99;
				GCC_VERSION = com.apple.compilers.llvm.clang.1_0;
				GCC_WARN_ABOUT_MISSING_PROTOTYPES = YES;
				GCC_WARN_ABOUT_RETURN_TYPE = YES;
				GCC_WARN_UNUSED_VARIABLE = YES;
				IPHONEOS_DEPLOYMENT_TARGET = 5.0;
				OTHER_CFLAGS = "-DNS_BLOCK_ASSERTIONS=1";
				SDKROOT = iphoneos;
				TARGETED_DEVICE_FAMILY = 2;
				VALIDATE_PRODUCT = YES;
			};
			name = Release;
		};
		F76147791510D9A300E492E4 /* Debug */ = {
			isa = XCBuildConfiguration;
			buildSettings = {
				GCC_PRECOMPILE_PREFIX_HEADER = YES;
				GCC_PREFIX_HEADER = "GalleryTest/GalleryTest-Prefix.pch";
				INFOPLIST_FILE = "GalleryTest/GalleryTest-Info.plist";
				PRODUCT_NAME = "$(TARGET_NAME)";
				WRAPPER_EXTENSION = app;
			};
			name = Debug;
		};
		F761477A1510D9A300E492E4 /* Release */ = {
			isa = XCBuildConfiguration;
			buildSettings = {
				GCC_PRECOMPILE_PREFIX_HEADER = YES;
				GCC_PREFIX_HEADER = "GalleryTest/GalleryTest-Prefix.pch";
				INFOPLIST_FILE = "GalleryTest/GalleryTest-Info.plist";
				PRODUCT_NAME = "$(TARGET_NAME)";
				WRAPPER_EXTENSION = app;
			};
			name = Release;
		};
/* End XCBuildConfiguration section */

/* Begin XCConfigurationList section */
		F76147541510D9A300E492E4 /* Build configuration list for PBXProject "GalleryTest" */ = {
			isa = XCConfigurationList;
			buildConfigurations = (
				F76147761510D9A300E492E4 /* Debug */,
				F76147771510D9A300E492E4 /* Release */,
			);
			defaultConfigurationIsVisible = 0;
			defaultConfigurationName = Release;
		};
		F76147781510D9A300E492E4 /* Build configuration list for PBXNativeTarget "GalleryTest" */ = {
			isa = XCConfigurationList;
			buildConfigurations = (
				F76147791510D9A300E492E4 /* Debug */,
				F761477A1510D9A300E492E4 /* Release */,
			);
			defaultConfigurationIsVisible = 0;
		};
/* End XCConfigurationList section */
	};
	rootObject = F76147511510D9A300E492E4 /* Project object */;
}
